
Microsoft Visual Studio Solution File, Format Version 12.00
# Visual Studio Version 16
VisualStudioVersion = 16.0.30517.126
MinimumVisualStudioVersion = 10.0.40219.1
Project("{FAE04EC0-301F-11D3-BF4B-00C04F79EFBC}") = "QLearning", "QLearning\QLearning.csproj", "{915D5916-F9BA-4247-9EDD-BB72A5D8C5F9}"
EndProject
Global
	GlobalSection(SolutionConfigurationPlatforms) = preSolution
		Debug|Any CPU = Debug|Any CPU
		Release|Any CPU = Release|Any CPU
	EndGlobalSection
	GlobalSection(ProjectConfigurationPlatforms) = postSolution
		{915D5916-F9BA-4247-9EDD-BB72A5D8C5F9}.Debug|Any CPU.ActiveCfg = Debug|Any CPU
		{915D5916-F9BA-4247-9EDD-BB72A5D8C5F9}.Debug|Any CPU.Build.0 = Debug|Any CPU
		{915D5916-F9BA-4247-9EDD-BB72A5D8C5F9}.Release|Any CPU.ActiveCfg = Release|Any CPU
		{915D5916-F9BA-4247-9EDD-BB72A5D8C5F9}.Release|Any CPU.Build.0 = Release|Any CPU
	EndGlobalSection
	GlobalSection(SolutionProperties) = preSolution
		HideSolutionNode = FALSE
	EndGlobalSection
	GlobalSection(ExtensibilityGlobals) = postSolution
		SolutionGuid = {9A1D21A2-1720-4852-92C2-3E99C6FCF24E}
	EndGlobalSection
EndGlobal
